
Microsoft Visual Studio Solution File, Format Version 12.00
# Visual Studio Version 17
VisualStudioVersion = 17.6.33815.320
MinimumVisualStudioVersion = 10.0.40219.1
Project("{9A19103F-16F7-4668-BE54-9A1E7A4F7556}") = "Jeopardy Websocket", "Jeopardy Websocket\Jeopardy Websocket.csproj", "{D68B30C0-EC73-420F-B534-2CD618852B4C}"
EndProject
Project("{2150E333-8FDC-42A3-9474-1A3956D46DE8}") = "Solution Items", "Solution Items", "{61A218A2-B620-4452-A4A3-26DC58BAA51E}"
	ProjectSection(SolutionItems) = preProject
		.editorconfig = .editorconfig
	EndProjectSection
EndProject
Global
	GlobalSection(SolutionConfigurationPlatforms) = preSolution
		Debug|Any CPU = Debug|Any CPU
		Release|Any CPU = Release|Any CPU
	EndGlobalSection
	GlobalSection(ProjectConfigurationPlatforms) = postSolution
		{D68B30C0-EC73-420F-B534-2CD618852B4C}.Debug|Any CPU.ActiveCfg = Debug|Any CPU
		{D68B30C0-EC73-420F-B534-2CD618852B4C}.Debug|Any CPU.Build.0 = Debug|Any CPU
		{D68B30C0-EC73-420F-B534-2CD618852B4C}.Release|Any CPU.ActiveCfg = Release|Any CPU
		{D68B30C0-EC73-420F-B534-2CD618852B4C}.Release|Any CPU.Build.0 = Release|Any CPU
	EndGlobalSection
	GlobalSection(SolutionProperties) = preSolution
		HideSolutionNode = FALSE
	EndGlobalSection
	GlobalSection(ExtensibilityGlobals) = postSolution
		SolutionGuid = {983D6EEC-2E5D-48DC-9D9E-68984F1A8CE4}
	EndGlobalSection
EndGlobal
